
Microsoft Visual Studio Solution File, Format Version 12.00
# Visual Studio Version 17
VisualStudioVersion = 17.14.36414.22
MinimumVisualStudioVersion = 10.0.40219.1
Project("{FAE04EC0-301F-11D3-BF4B-00C04F79EFBC}") = "Tyuiu.skirnevskyBR.sprint0", "Tyuiu.skirnevskyBR.sprint0\Tyuiu.skirnevskyBR.sprint0.csproj", "{18BC52AD-A445-46EF-8282-8910111C23BA}"
EndProject
Project("{2150E333-8FDC-42A3-9474-1A3956D46DE8}") = "Task0", "Task0", "{36D591C7-65C7-A0D1-1CBC-10CDE441BDC8}"
EndProject
Project("{FAE04EC0-301F-11D3-BF4B-00C04F79EFBC}") = "Tyuiu.skirneskyBR.Sprint0.Task0.V0", "Tyuiu.skirneskyBR.Sprint0.Task0.V0\Tyuiu.skirneskyBR.Sprint0.Task0.V0.csproj", "{CCDEBF99-EE5C-4C8B-A93B-945EF0AD031E}"
EndProject
Project("{2150E333-8FDC-42A3-9474-1A3956D46DE8}") = "Task1", "Task1", "{1A97F25D-9468-4C5D-ACF9-8F93A752BB05}"
EndProject
Project("{FAE04EC0-301F-11D3-BF4B-00C04F79EFBC}") = "Tyuiu.skirnevskyBR.Sprint0.Task1.V0", "Tyuiu.skirnevskyBR.Sprint0.Task1.V0\Tyuiu.skirnevskyBR.Sprint0.Task1.V0.csproj", "{BEC0930C-D4B5-460A-BF4D-8720BC132050}"
EndProject
Project("{2150E333-8FDC-42A3-9474-1A3956D46DE8}") = "Task2", "Task2", "{E00B0C40-CAE2-4ED0-8428-1C41EE5CC33D}"
EndProject
Project("{FAE04EC0-301F-11D3-BF4B-00C04F79EFBC}") = "Tyuiu.skirnevskyBR.Sprint0.Task2.V0", "Tyuiu.skirnevskyBR.Sprint0.Task2.V0\Tyuiu.skirnevskyBR.Sprint0.Task2.V0.csproj", "{D6A01643-4A21-4DD5-8106-6F55EA28AE84}"
EndProject
Project("{FAE04EC0-301F-11D3-BF4B-00C04F79EFBC}") = "Tyuiu.skirnevskyBR.Sprint0.Task2.V0.Test", "Tyuiu.skirnevskyBR.Sprint0.Task2.V0.Test\Tyuiu.skirnevskyBR.Sprint0.Task2.V0.Test.csproj", "{E59D5FBE-9E4C-4489-97DE-B423F469E008}"
EndProject
Project("{FAE04EC0-301F-11D3-BF4B-00C04F79EFBC}") = "Tyuiu.skirnevskyBR.Sprint0.Task2.V0.Lib", "Tyuiu.skirnevskyBR.Sprint0.Task2.V0.Lib\Tyuiu.skirnevskyBR.Sprint0.Task2.V0.Lib.csproj", "{6337763B-A446-433B-90B2-A40D5EC8C38C}"
EndProject
Project("{2150E333-8FDC-42A3-9474-1A3956D46DE8}") = "Task3", "Task3", "{69494344-6AF3-42E5-A4BC-A34E19549B07}"
EndProject
Project("{FAE04EC0-301F-11D3-BF4B-00C04F79EFBC}") = "Tyuiu.skirnevskyBR.Sprint0.Task3.V0", "Tyuiu.skirnevskyBR.Sprint0.Task3.V0\Tyuiu.skirnevskyBR.Sprint0.Task3.V0.csproj", "{40D23EE0-5827-4F84-AC3A-29C589513F7F}"
EndProject
Project("{FAE04EC0-301F-11D3-BF4B-00C04F79EFBC}") = "Tyuiu.skirnevskyBR.Sprint0.Task3.V0.Test", "Tyuiu.skirnevskyBR.Sprint0.Task3.V0.Test\Tyuiu.skirnevskyBR.Sprint0.Task3.V0.Test.csproj", "{D2EDB182-36DB-4B0C-A655-B1FDDA0D43ED}"
EndProject
Project("{FAE04EC0-301F-11D3-BF4B-00C04F79EFBC}") = "Tyuiu.skirnevskyBR.Sprint0.Task3.V0.Lib", "Tyuiu.skirnevskyBR.Sprint0.Task3.V0.Lib\Tyuiu.skirnevskyBR.Sprint0.Task3.V0.Lib.csproj", "{75CC36C3-5CDB-489D-9EEF-4D142A7192ED}"
EndProject
Project("{2150E333-8FDC-42A3-9474-1A3956D46DE8}") = "Task4", "Task4", "{C0E31FB3-DB99-4D6B-A674-3E93C7B098AA}"
EndProject
Project("{FAE04EC0-301F-11D3-BF4B-00C04F79EFBC}") = "Tyuiu.skirnevskyBR.Sprint0.Task4.V0", "Tyuiu.skirnevskyBR.Sprint0.Task4.V0\Tyuiu.skirnevskyBR.Sprint0.Task4.V0.csproj", "{7D3ADD7B-BBB3-45F1-AF7D-6882FC03AD96}"
EndProject
Project("{FAE04EC0-301F-11D3-BF4B-00C04F79EFBC}") = "Tyuiu.skirnevskyBR.Sprint0.Task4.V0.Test", "Tyuiu.skirnevskyBR.Sprint0.Task4.V0.Test\Tyuiu.skirnevskyBR.Sprint0.Task4.V0.Test.csproj", "{8289A8A7-1882-4160-8DF3-46C2733A84C6}"
EndProject
Project("{FAE04EC0-301F-11D3-BF4B-00C04F79EFBC}") = "Tyuiu.skirnevskyBR.Sprint0.Task4.V0.Lib", "Tyuiu.skirnevskyBR.Sprint0.Task4.V0.Lib\Tyuiu.skirnevskyBR.Sprint0.Task4.V0.Lib.csproj", "{C25C89CF-54AE-4261-BC6F-62125C138B96}"
EndProject
Project("{2150E333-8FDC-42A3-9474-1A3956D46DE8}") = "Task5", "Task5", "{3CAE89F3-C33C-429B-AC71-DDA2071D0012}"
EndProject
Project("{FAE04EC0-301F-11D3-BF4B-00C04F79EFBC}") = "Tyuiu.skirnevskyBR.Sprint0.Task5.V0", "Tyuiu.skirnevskyBR.Sprint0.Task5.V0\Tyuiu.skirnevskyBR.Sprint0.Task5.V0.csproj", "{C7D0E558-8B21-40A0-AF49-4289A650E160}"
EndProject
Project("{FAE04EC0-301F-11D3-BF4B-00C04F79EFBC}") = "Tyuiu.skirnevskyBR.Sprint0.Task5.V0.Test", "Tyuiu.skirnevskyBR.Sprint0.Task5.V0.Test\Tyuiu.skirnevskyBR.Sprint0.Task5.V0.Test.csproj", "{CADB6D9B-24B1-4CB2-9AE1-A0FFDBCF6ADE}"
EndProject
Project("{FAE04EC0-301F-11D3-BF4B-00C04F79EFBC}") = "Tyuiu.skirnevskyBR.Sprint0.Task5.V0.Lib", "Tyuiu.skirnevskyBR.Sprint0.Task5.V0.Lib\Tyuiu.skirnevskyBR.Sprint0.Task5.V0.Lib.csproj", "{AE0C84E6-EDA4-49FD-B3EC-17A500BD9256}"
EndProject
Global
	GlobalSection(SolutionConfigurationPlatforms) = preSolution
		Debug|Any CPU = Debug|Any CPU
		Release|Any CPU = Release|Any CPU
	EndGlobalSection
	GlobalSection(ProjectConfigurationPlatforms) = postSolution
		{18BC52AD-A445-46EF-8282-8910111C23BA}.Debug|Any CPU.ActiveCfg = Debug|Any CPU
		{18BC52AD-A445-46EF-8282-8910111C23BA}.Debug|Any CPU.Build.0 = Debug|Any CPU
		{18BC52AD-A445-46EF-8282-8910111C23BA}.Release|Any CPU.ActiveCfg = Release|Any CPU
		{18BC52AD-A445-46EF-8282-8910111C23BA}.Release|Any CPU.Build.0 = Release|Any CPU
		{CCDEBF99-EE5C-4C8B-A93B-945EF0AD031E}.Debug|Any CPU.ActiveCfg = Debug|Any CPU
		{CCDEBF99-EE5C-4C8B-A93B-945EF0AD031E}.Debug|Any CPU.Build.0 = Debug|Any CPU
		{CCDEBF99-EE5C-4C8B-A93B-945EF0AD031E}.Release|Any CPU.ActiveCfg = Release|Any CPU
		{CCDEBF99-EE5C-4C8B-A93B-945EF0AD031E}.Release|Any CPU.Build.0 = Release|Any CPU
		{BEC0930C-D4B5-460A-BF4D-8720BC132050}.Debug|Any CPU.ActiveCfg = Debug|Any CPU
		{BEC0930C-D4B5-460A-BF4D-8720BC132050}.Debug|Any CPU.Build.0 = Debug|Any CPU
		{BEC0930C-D4B5-460A-BF4D-8720BC132050}.Release|Any CPU.ActiveCfg = Release|Any CPU
		{BEC0930C-D4B5-460A-BF4D-8720BC132050}.Release|Any CPU.Build.0 = Release|Any CPU
		{D6A01643-4A21-4DD5-8106-6F55EA28AE84}.Debug|Any CPU.ActiveCfg = Debug|Any CPU
		{D6A01643-4A21-4DD5-8106-6F55EA28AE84}.Debug|Any CPU.Build.0 = Debug|Any CPU
		{D6A01643-4A21-4DD5-8106-6F55EA28AE84}.Release|Any CPU.ActiveCfg = Release|Any CPU
		{D6A01643-4A21-4DD5-8106-6F55EA28AE84}.Release|Any CPU.Build.0 = Release|Any CPU
		{E59D5FBE-9E4C-4489-97DE-B423F469E008}.Debug|Any CPU.ActiveCfg = Debug|Any CPU
		{E59D5FBE-9E4C-4489-97DE-B423F469E008}.Debug|Any CPU.Build.0 = Debug|Any CPU
		{E59D5FBE-9E4C-4489-97DE-B423F469E008}.Release|Any CPU.ActiveCfg = Release|Any CPU
		{E59D5FBE-9E4C-4489-97DE-B423F469E008}.Release|Any CPU.Build.0 = Release|Any CPU
		{6337763B-A446-433B-90B2-A40D5EC8C38C}.Debug|Any CPU.ActiveCfg = Debug|Any CPU
		{6337763B-A446-433B-90B2-A40D5EC8C38C}.Debug|Any CPU.Build.0 = Debug|Any CPU
		{6337763B-A446-433B-90B2-A40D5EC8C38C}.Release|Any CPU.ActiveCfg = Release|Any CPU
		{6337763B-A446-433B-90B2-A40D5EC8C38C}.Release|Any CPU.Build.0 = Release|Any CPU
		{40D23EE0-5827-4F84-AC3A-29C589513F7F}.Debug|Any CPU.ActiveCfg = Debug|Any CPU
		{40D23EE0-5827-4F84-AC3A-29C589513F7F}.Debug|Any CPU.Build.0 = Debug|Any CPU
		{40D23EE0-5827-4F84-AC3A-29C589513F7F}.Release|Any CPU.ActiveCfg = Release|Any CPU
		{40D23EE0-5827-4F84-AC3A-29C589513F7F}.Release|Any CPU.Build.0 = Release|Any CPU
		{D2EDB182-36DB-4B0C-A655-B1FDDA0D43ED}.Debug|Any CPU.ActiveCfg = Debug|Any CPU
		{D2EDB182-36DB-4B0C-A655-B1FDDA0D43ED}.Debug|Any CPU.Build.0 = Debug|Any CPU
		{D2EDB182-36DB-4B0C-A655-B1FDDA0D43ED}.Release|Any CPU.ActiveCfg = Release|Any CPU
		{D2EDB182-36DB-4B0C-A655-B1FDDA0D43ED}.Release|Any CPU.Build.0 = Release|Any CPU
		{75CC36C3-5CDB-489D-9EEF-4D142A7192ED}.Debug|Any CPU.ActiveCfg = Debug|Any CPU
		{75CC36C3-5CDB-489D-9EEF-4D142A7192ED}.Debug|Any CPU.Build.0 = Debug|Any CPU
		{75CC36C3-5CDB-489D-9EEF-4D142A7192ED}.Release|Any CPU.ActiveCfg = Release|Any CPU
		{75CC36C3-5CDB-489D-9EEF-4D142A7192ED}.Release|Any CPU.Build.0 = Release|Any CPU
		{7D3ADD7B-BBB3-45F1-AF7D-6882FC03AD96}.Debug|Any CPU.ActiveCfg = Debug|Any CPU
		{7D3ADD7B-BBB3-45F1-AF7D-6882FC03AD96}.Debug|Any CPU.Build.0 = Debug|Any CPU
		{7D3ADD7B-BBB3-45F1-AF7D-6882FC03AD96}.Release|Any CPU.ActiveCfg = Release|Any CPU
		{7D3ADD7B-BBB3-45F1-AF7D-6882FC03AD96}.Release|Any CPU.Build.0 = Release|Any CPU
		{8289A8A7-1882-4160-8DF3-46C2733A84C6}.Debug|Any CPU.ActiveCfg = Debug|Any CPU
		{8289A8A7-1882-4160-8DF3-46C2733A84C6}.Debug|Any CPU.Build.0 = Debug|Any CPU
		{8289A8A7-1882-4160-8DF3-46C2733A84C6}.Release|Any CPU.ActiveCfg = Release|Any CPU
		{8289A8A7-1882-4160-8DF3-46C2733A84C6}.Release|Any CPU.Build.0 = Release|Any CPU
		{C25C89CF-54AE-4261-BC6F-62125C138B96}.Debug|Any CPU.ActiveCfg = Debug|Any CPU
		{C25C89CF-54AE-4261-BC6F-62125C138B96}.Debug|Any CPU.Build.0 = Debug|Any CPU
		{C25C89CF-54AE-4261-BC6F-62125C138B96}.Release|Any CPU.ActiveCfg = Release|Any CPU
		{C25C89CF-54AE-4261-BC6F-62125C138B96}.Release|Any CPU.Build.0 = Release|Any CPU
		{C7D0E558-8B21-40A0-AF49-4289A650E160}.Debug|Any CPU.ActiveCfg = Debug|Any CPU
		{C7D0E558-8B21-40A0-AF49-4289A650E160}.Debug|Any CPU.Build.0 = Debug|Any CPU
		{C7D0E558-8B21-40A0-AF49-4289A650E160}.Release|Any CPU.ActiveCfg = Release|Any CPU
		{C7D0E558-8B21-40A0-AF49-4289A650E160}.Release|Any CPU.Build.0 = Release|Any CPU
		{CADB6D9B-24B1-4CB2-9AE1-A0FFDBCF6ADE}.Debug|Any CPU.ActiveCfg = Debug|Any CPU
		{CADB6D9B-24B1-4CB2-9AE1-A0FFDBCF6ADE}.Debug|Any CPU.Build.0 = Debug|Any CPU
		{CADB6D9B-24B1-4CB2-9AE1-A0FFDBCF6ADE}.Release|Any CPU.ActiveCfg = Release|Any CPU
		{CADB6D9B-24B1-4CB2-9AE1-A0FFDBCF6ADE}.Release|Any CPU.Build.0 = Release|Any CPU
		{AE0C84E6-EDA4-49FD-B3EC-17A500BD9256}.Debug|Any CPU.ActiveCfg = Debug|Any CPU
		{AE0C84E6-EDA4-49FD-B3EC-17A500BD9256}.Debug|Any CPU.Build.0 = Debug|Any CPU
		{AE0C84E6-EDA4-49FD-B3EC-17A500BD9256}.Release|Any CPU.ActiveCfg = Release|Any CPU
		{AE0C84E6-EDA4-49FD-B3EC-17A500BD9256}.Release|Any CPU.Build.0 = Release|Any CPU
	EndGlobalSection
	GlobalSection(SolutionProperties) = preSolution
		HideSolutionNode = FALSE
	EndGlobalSection
	GlobalSection(NestedProjects) = preSolution
		{CCDEBF99-EE5C-4C8B-A93B-945EF0AD031E} = {36D591C7-65C7-A0D1-1CBC-10CDE441BDC8}
		{BEC0930C-D4B5-460A-BF4D-8720BC132050} = {1A97F25D-9468-4C5D-ACF9-8F93A752BB05}
		{D6A01643-4A21-4DD5-8106-6F55EA28AE84} = {E00B0C40-CAE2-4ED0-8428-1C41EE5CC33D}
		{E59D5FBE-9E4C-4489-97DE-B423F469E008} = {E00B0C40-CAE2-4ED0-8428-1C41EE5CC33D}
		{6337763B-A446-433B-90B2-A40D5EC8C38C} = {E00B0C40-CAE2-4ED0-8428-1C41EE5CC33D}
		{40D23EE0-5827-4F84-AC3A-29C589513F7F} = {69494344-6AF3-42E5-A4BC-A34E19549B07}
		{D2EDB182-36DB-4B0C-A655-B1FDDA0D43ED} = {69494344-6AF3-42E5-A4BC-A34E19549B07}
		{75CC36C3-5CDB-489D-9EEF-4D142A7192ED} = {69494344-6AF3-42E5-A4BC-A34E19549B07}
		{7D3ADD7B-BBB3-45F1-AF7D-6882FC03AD96} = {C0E31FB3-DB99-4D6B-A674-3E93C7B098AA}
		{8289A8A7-1882-4160-8DF3-46C2733A84C6} = {C0E31FB3-DB99-4D6B-A674-3E93C7B098AA}
		{C25C89CF-54AE-4261-BC6F-62125C138B96} = {C0E31FB3-DB99-4D6B-A674-3E93C7B098AA}
		{C7D0E558-8B21-40A0-AF49-4289A650E160} = {3CAE89F3-C33C-429B-AC71-DDA2071D0012}
		{CADB6D9B-24B1-4CB2-9AE1-A0FFDBCF6ADE} = {3CAE89F3-C33C-429B-AC71-DDA2071D0012}
		{AE0C84E6-EDA4-49FD-B3EC-17A500BD9256} = {3CAE89F3-C33C-429B-AC71-DDA2071D0012}
	EndGlobalSection
	GlobalSection(ExtensibilityGlobals) = postSolution
		SolutionGuid = {1CEEED21-6BBF-447B-8877-A0264D7B1679}
	EndGlobalSection
EndGlobal
